<?xml version="1.0" encoding="utf-8"?>
<Project ToolsVersion="4.0" xmlns="http://schemas.microsoft.com/developer/msbuild/2003">
  <ItemGroup>
    <None Include="Shaders\Core\core.vert">
      <Filter>Shaders\Core</Filter>
    </None>
    <None Include="Shaders\Core\core.frag">
      <Filter>Shaders\Core</Filter>
    </None>
  </ItemGroup>
  <ItemGroup>
    <Filter Include="Header">
      <UniqueIdentifier>{b1477bf4-6d93-4984-83af-913812dd07ea}</UniqueIdentifier>
    </Filter>
    <Filter Include="Source">
      <UniqueIdentifier>{b0c0a58c-c874-4339-9e61-df9989699b48}</UniqueIdentifier>
    </Filter>
    <Filter Include="Shaders">
      <UniqueIdentifier>{f40e38ac-0051-4fa8-99d1-cccaf562f3d7}</UniqueIdentifier>
    </Filter>
    <Filter Include="Shaders\Core">
      <UniqueIdentifier>{a2c369e6-f64d-4c09-8b08-f1237ea51082}</UniqueIdentifier>
    </Filter>
  </ItemGroup>
  <ItemGroup>
    <ClCompile Include="main.cpp">
      <Filter>Source</Filter>
    </ClCompile>
    <ClCompile Include="Group.cpp">
      <Filter>Source</Filter>
    </ClCompile>
    <ClCompile Include="Mesh.cpp">
      <Filter>Source</Filter>
    </ClCompile>
    <ClCompile Include="Texture.cpp">
      <Filter>Source</Filter>
    </ClCompile>
    <ClCompile Include="Shader.cpp">
      <Filter>Source</Filter>
    </ClCompile>
  </ItemGroup>
  <ItemGroup>
    <ClInclude Include="Camera.h">
      <Filter>Header</Filter>
    </ClInclude>
    <ClInclude Include="Face.h">
      <Filter>Header</Filter>
    </ClInclude>
    <ClInclude Include="Group.h">
      <Filter>Header</Filter>
    </ClInclude>
    <ClInclude Include="Mesh.h">
      <Filter>Header</Filter>
    </ClInclude>
    <ClInclude Include="OBJReader.h">
      <Filter>Header</Filter>
    </ClInclude>
    <ClInclude Include="Texture.h">
      <Filter>Header</Filter>
    </ClInclude>
    <ClInclude Include="Shader.h">
      <Filter>Header</Filter>
    </ClInclude>
    <ClInclude Include="MTLReader.h">
      <Filter>Header</Filter>
    </ClInclude>
    <ClInclude Include="Material.h">
      <Filter>Header</Filter>
    </ClInclude>
  </ItemGroup>
</Project>